
Microsoft Visual Studio Solution File, Format Version 12.00
# Visual Studio Version 17
VisualStudioVersion = 17.0.31903.59
MinimumVisualStudioVersion = 10.0.40219.1
Project("{FAE04EC0-301F-11D3-BF4B-00C04F79EFBC}") = "SAPSec.Web", "SAPSec.Web\SAPSec.Web.csproj", "{24624574-4DE4-4A91-8273-7AE3EEE13537}"
	ProjectSection(ProjectDependencies) = postProject
		{00C4D1FC-D67E-DA5C-FD42-20F0B1A38212} = {00C4D1FC-D67E-DA5C-FD42-20F0B1A38212}
	EndProjectSection
EndProject
Project("{FAE04EC0-301F-11D3-BF4B-00C04F79EFBC}") = "SAPSec.Web.Tests.Deprecated", "Tests\SAPSec.Web.Tests\SAPSec.Web.Tests.Deprecated.csproj", "{FF6CC6BE-8BD4-4353-BA24-F0B562F73534}"
EndProject
Project("{FAE04EC0-301F-11D3-BF4B-00C04F79EFBC}") = "SAPSec.Core.Tests", "Tests\SAPSec.Core.Tests\SAPSec.Core.Tests.csproj", "{EB1D1EAE-E264-4FF5-ACB9-8614FD694C69}"
EndProject
Project("{FAE04EC0-301F-11D3-BF4B-00C04F79EFBC}") = "SAPSec.Infrastructure.Tests", "Tests\SAPSec.Infrastructure.Tests\SAPSec.Infrastructure.Tests.csproj", "{5F164DC3-0185-4D92-B689-7A004F81C232}"
EndProject
Project("{FAE04EC0-301F-11D3-BF4B-00C04F79EFBC}") = "SAPSec.Test.Integration", "Tests\SAPSec.Test.Integration\SAPSec.Test.Integration.csproj", "{CE3DBC01-F8D5-468B-A12C-C0AAC6B846CC}"
EndProject
Project("{2150E333-8FDC-42A3-9474-1A3956D46DE8}") = "Tests", "Tests", "{0AB3BF05-4346-4AA6-1389-037BE0695223}"
EndProject
Project("{FAE04EC0-301F-11D3-BF4B-00C04F79EFBC}") = "SAPSec.UI.Tests.Deprecated", "Tests\SAPSec.UI.Tests\SAPSec.UI.Tests.Deprecated.csproj", "{F92FE21A-E978-463D-9F1E-A4A8302138E6}"
EndProject
Project("{2150E333-8FDC-42A3-9474-1A3956D46DE8}") = "Solution Items", "Solution Items", "{8EC462FD-D22E-90A8-E5CE-7E832BA40C5D}"
	ProjectSection(SolutionItems) = preProject
		.dockerignore = .dockerignore
		coverlet.runsettings = coverlet.runsettings
		Dockerfile = Dockerfile
	EndProjectSection
EndProject
Project("{FAE04EC0-301F-11D3-BF4B-00C04F79EFBC}") = "SAPSec.Core", "SAPSec.Core\SAPSec.Core.csproj", "{E2614573-2510-6A21-F298-A1C61090BCFD}"
EndProject
Project("{FAE04EC0-301F-11D3-BF4B-00C04F79EFBC}") = "SAPSec.Infrastructure", "SAPSec.Infrastructure\SAPSec.Infrastructure.csproj", "{00C4D1FC-D67E-DA5C-FD42-20F0B1A38212}"
EndProject
Project("{FAE04EC0-301F-11D3-BF4B-00C04F79EFBC}") = "SAPData", "SAPData\SAPData.csproj", "{CA1E3DB8-1DE2-D4CA-4E19-E74D4B952F2E}"
EndProject
Project("{FAE04EC0-301F-11D3-BF4B-00C04F79EFBC}") = "SAPSec.DtoGenerator", "Data\SapSec.DtoGenerator\SAPSec.DtoGenerator.csproj", "{36BD1833-7ADA-3BCB-5E07-307070A83000}"
EndProject
Project("{FAE04EC0-301F-11D3-BF4B-00C04F79EFBC}") = "SAPSec.Test.Common", "Tests\SAPSec.Test.Common\SAPSec.Test.Common.csproj", "{902B971A-92C7-47A4-92B7-9260C3A117D9}"
EndProject
Project("{FAE04EC0-301F-11D3-BF4B-00C04F79EFBC}") = "SAPSec.Test.EndToEnd", "Tests\SAPSec.Test.EndToEnd\SAPSec.Test.EndToEnd.csproj", "{14D66EC0-B8DC-844F-D37F-F611DFE54A9F}"
EndProject
Project("{FAE04EC0-301F-11D3-BF4B-00C04F79EFBC}") = "SAPSec.Test.Accessibility", "Tests\SAPSec.Test.Accessibility\SAPSec.Test.Accessibility.csproj", "{E5241138-28D3-B869-859C-C2A3D83F0E7D}"
EndProject
Project("{2150E333-8FDC-42A3-9474-1A3956D46DE8}") = "Deprecated", "Deprecated", "{02EA681E-C7D8-13C7-8484-4AC65E1B71E8}"
EndProject
Project("{2150E333-8FDC-42A3-9474-1A3956D46DE8}") = "Data", "Data", "{89C1CD2F-5D9F-44E8-B728-023D8AB2F5E1}"
EndProject
Project("{FAE04EC0-301F-11D3-BF4B-00C04F79EFBC}") = "SAPSec.Data", "Data\SAPSec.Data\SAPSec.Data.csproj", "{5C34132F-4C71-42EC-8BD0-4E4052B03709}"
EndProject
Project("{FAE04EC0-301F-11D3-BF4B-00C04F79EFBC}") = "SAPSec.PrimaryJsonFileGenerator", "Data\SAPSec.PrimaryJsonFileGenerator\SAPSec.PrimaryJsonFileGenerator.csproj", "{1252AD6D-C6EA-4735-AE82-95FDA2C6C903}"
EndProject
Project("{FAE04EC0-301F-11D3-BF4B-00C04F79EFBC}") = "SAPSec.Data.Common", "Data\SAPSec.Data.Common\SAPSec.Data.Common.csproj", "{AD719A21-8470-4ADC-A9DF-00B223CF5FE5}"
EndProject
Project("{FAE04EC0-301F-11D3-BF4B-00C04F79EFBC}") = "SAPSec.Data.Common.Tests", "Tests\SAPSec.Data.Common.Tests\SAPSec.Data.Common.Tests.csproj", "{CF5C2228-27CD-4CBF-9059-931A09B46BF6}"
EndProject
Global
	GlobalSection(SolutionConfigurationPlatforms) = preSolution
		Debug|Any CPU = Debug|Any CPU
		Debug|x64 = Debug|x64
		Debug|x86 = Debug|x86
		Release|Any CPU = Release|Any CPU
		Release|x64 = Release|x64
		Release|x86 = Release|x86
	EndGlobalSection
	GlobalSection(ProjectConfigurationPlatforms) = postSolution
		{24624574-4DE4-4A91-8273-7AE3EEE13537}.Debug|Any CPU.ActiveCfg = Debug|Any CPU
		{24624574-4DE4-4A91-8273-7AE3EEE13537}.Debug|Any CPU.Build.0 = Debug|Any CPU
		{24624574-4DE4-4A91-8273-7AE3EEE13537}.Debug|x64.ActiveCfg = Debug|Any CPU
		{24624574-4DE4-4A91-8273-7AE3EEE13537}.Debug|x64.Build.0 = Debug|Any CPU
		{24624574-4DE4-4A91-8273-7AE3EEE13537}.Debug|x86.ActiveCfg = Debug|Any CPU
		{24624574-4DE4-4A91-8273-7AE3EEE13537}.Debug|x86.Build.0 = Debug|Any CPU
		{24624574-4DE4-4A91-8273-7AE3EEE13537}.Release|Any CPU.ActiveCfg = Release|Any CPU
		{24624574-4DE4-4A91-8273-7AE3EEE13537}.Release|Any CPU.Build.0 = Release|Any CPU
		{24624574-4DE4-4A91-8273-7AE3EEE13537}.Release|x64.ActiveCfg = Release|Any CPU
		{24624574-4DE4-4A91-8273-7AE3EEE13537}.Release|x64.Build.0 = Release|Any CPU
		{24624574-4DE4-4A91-8273-7AE3EEE13537}.Release|x86.ActiveCfg = Release|Any CPU
		{24624574-4DE4-4A91-8273-7AE3EEE13537}.Release|x86.Build.0 = Release|Any CPU
		{FF6CC6BE-8BD4-4353-BA24-F0B562F73534}.Debug|Any CPU.ActiveCfg = Debug|Any CPU
		{FF6CC6BE-8BD4-4353-BA24-F0B562F73534}.Debug|Any CPU.Build.0 = Debug|Any CPU
		{FF6CC6BE-8BD4-4353-BA24-F0B562F73534}.Debug|x64.ActiveCfg = Debug|Any CPU
		{FF6CC6BE-8BD4-4353-BA24-F0B562F73534}.Debug|x64.Build.0 = Debug|Any CPU
		{FF6CC6BE-8BD4-4353-BA24-F0B562F73534}.Debug|x86.ActiveCfg = Debug|Any CPU
		{FF6CC6BE-8BD4-4353-BA24-F0B562F73534}.Debug|x86.Build.0 = Debug|Any CPU
		{FF6CC6BE-8BD4-4353-BA24-F0B562F73534}.Release|Any CPU.ActiveCfg = Release|Any CPU
		{FF6CC6BE-8BD4-4353-BA24-F0B562F73534}.Release|Any CPU.Build.0 = Release|Any CPU
		{FF6CC6BE-8BD4-4353-BA24-F0B562F73534}.Release|x64.ActiveCfg = Release|Any CPU
		{FF6CC6BE-8BD4-4353-BA24-F0B562F73534}.Release|x64.Build.0 = Release|Any CPU
		{FF6CC6BE-8BD4-4353-BA24-F0B562F73534}.Release|x86.ActiveCfg = Release|Any CPU
		{FF6CC6BE-8BD4-4353-BA24-F0B562F73534}.Release|x86.Build.0 = Release|Any CPU
		{EB1D1EAE-E264-4FF5-ACB9-8614FD694C69}.Debug|Any CPU.ActiveCfg = Debug|Any CPU
		{EB1D1EAE-E264-4FF5-ACB9-8614FD694C69}.Debug|Any CPU.Build.0 = Debug|Any CPU
		{EB1D1EAE-E264-4FF5-ACB9-8614FD694C69}.Debug|x64.ActiveCfg = Debug|Any CPU
		{EB1D1EAE-E264-4FF5-ACB9-8614FD694C69}.Debug|x64.Build.0 = Debug|Any CPU
		{EB1D1EAE-E264-4FF5-ACB9-8614FD694C69}.Debug|x86.ActiveCfg = Debug|Any CPU
		{EB1D1EAE-E264-4FF5-ACB9-8614FD694C69}.Debug|x86.Build.0 = Debug|Any CPU
		{EB1D1EAE-E264-4FF5-ACB9-8614FD694C69}.Release|Any CPU.ActiveCfg = Release|Any CPU
		{EB1D1EAE-E264-4FF5-ACB9-8614FD694C69}.Release|Any CPU.Build.0 = Release|Any CPU
		{EB1D1EAE-E264-4FF5-ACB9-8614FD694C69}.Release|x64.ActiveCfg = Release|Any CPU
		{EB1D1EAE-E264-4FF5-ACB9-8614FD694C69}.Release|x64.Build.0 = Release|Any CPU
		{EB1D1EAE-E264-4FF5-ACB9-8614FD694C69}.Release|x86.ActiveCfg = Release|Any CPU
		{EB1D1EAE-E264-4FF5-ACB9-8614FD694C69}.Release|x86.Build.0 = Release|Any CPU
		{5F164DC3-0185-4D92-B689-7A004F81C232}.Debug|Any CPU.ActiveCfg = Debug|Any CPU
		{5F164DC3-0185-4D92-B689-7A004F81C232}.Debug|Any CPU.Build.0 = Debug|Any CPU
		{5F164DC3-0185-4D92-B689-7A004F81C232}.Debug|x64.ActiveCfg = Debug|Any CPU
		{5F164DC3-0185-4D92-B689-7A004F81C232}.Debug|x64.Build.0 = Debug|Any CPU
		{5F164DC3-0185-4D92-B689-7A004F81C232}.Debug|x86.ActiveCfg = Debug|Any CPU
		{5F164DC3-0185-4D92-B689-7A004F81C232}.Debug|x86.Build.0 = Debug|Any CPU
		{5F164DC3-0185-4D92-B689-7A004F81C232}.Release|Any CPU.ActiveCfg = Release|Any CPU
		{5F164DC3-0185-4D92-B689-7A004F81C232}.Release|Any CPU.Build.0 = Release|Any CPU
		{5F164DC3-0185-4D92-B689-7A004F81C232}.Release|x64.ActiveCfg = Release|Any CPU
		{5F164DC3-0185-4D92-B689-7A004F81C232}.Release|x64.Build.0 = Release|Any CPU
		{5F164DC3-0185-4D92-B689-7A004F81C232}.Release|x86.ActiveCfg = Release|Any CPU
		{5F164DC3-0185-4D92-B689-7A004F81C232}.Release|x86.Build.0 = Release|Any CPU
		{CE3DBC01-F8D5-468B-A12C-C0AAC6B846CC}.Debug|Any CPU.ActiveCfg = Debug|Any CPU
		{CE3DBC01-F8D5-468B-A12C-C0AAC6B846CC}.Debug|Any CPU.Build.0 = Debug|Any CPU
		{CE3DBC01-F8D5-468B-A12C-C0AAC6B846CC}.Debug|x64.ActiveCfg = Debug|Any CPU
		{CE3DBC01-F8D5-468B-A12C-C0AAC6B846CC}.Debug|x64.Build.0 = Debug|Any CPU
		{CE3DBC01-F8D5-468B-A12C-C0AAC6B846CC}.Debug|x86.ActiveCfg = Debug|Any CPU
		{CE3DBC01-F8D5-468B-A12C-C0AAC6B846CC}.Debug|x86.Build.0 = Debug|Any CPU
		{CE3DBC01-F8D5-468B-A12C-C0AAC6B846CC}.Release|Any CPU.ActiveCfg = Release|Any CPU
		{CE3DBC01-F8D5-468B-A12C-C0AAC6B846CC}.Release|Any CPU.Build.0 = Release|Any CPU
		{CE3DBC01-F8D5-468B-A12C-C0AAC6B846CC}.Release|x64.ActiveCfg = Release|Any CPU
		{CE3DBC01-F8D5-468B-A12C-C0AAC6B846CC}.Release|x64.Build.0 = Release|Any CPU
		{CE3DBC01-F8D5-468B-A12C-C0AAC6B846CC}.Release|x86.ActiveCfg = Release|Any CPU
		{CE3DBC01-F8D5-468B-A12C-C0AAC6B846CC}.Release|x86.Build.0 = Release|Any CPU
		{F92FE21A-E978-463D-9F1E-A4A8302138E6}.Debug|Any CPU.ActiveCfg = Debug|Any CPU
		{F92FE21A-E978-463D-9F1E-A4A8302138E6}.Debug|Any CPU.Build.0 = Debug|Any CPU
		{F92FE21A-E978-463D-9F1E-A4A8302138E6}.Debug|x64.ActiveCfg = Debug|Any CPU
		{F92FE21A-E978-463D-9F1E-A4A8302138E6}.Debug|x64.Build.0 = Debug|Any CPU
		{F92FE21A-E978-463D-9F1E-A4A8302138E6}.Debug|x86.ActiveCfg = Debug|Any CPU
		{F92FE21A-E978-463D-9F1E-A4A8302138E6}.Debug|x86.Build.0 = Debug|Any CPU
		{F92FE21A-E978-463D-9F1E-A4A8302138E6}.Release|Any CPU.ActiveCfg = Release|Any CPU
		{F92FE21A-E978-463D-9F1E-A4A8302138E6}.Release|Any CPU.Build.0 = Release|Any CPU
		{F92FE21A-E978-463D-9F1E-A4A8302138E6}.Release|x64.ActiveCfg = Release|Any CPU
		{F92FE21A-E978-463D-9F1E-A4A8302138E6}.Release|x64.Build.0 = Release|Any CPU
		{F92FE21A-E978-463D-9F1E-A4A8302138E6}.Release|x86.ActiveCfg = Release|Any CPU
		{F92FE21A-E978-463D-9F1E-A4A8302138E6}.Release|x86.Build.0 = Release|Any CPU
		{E2614573-2510-6A21-F298-A1C61090BCFD}.Debug|Any CPU.ActiveCfg = Debug|Any CPU
		{E2614573-2510-6A21-F298-A1C61090BCFD}.Debug|Any CPU.Build.0 = Debug|Any CPU
		{E2614573-2510-6A21-F298-A1C61090BCFD}.Debug|x64.ActiveCfg = Debug|Any CPU
		{E2614573-2510-6A21-F298-A1C61090BCFD}.Debug|x64.Build.0 = Debug|Any CPU
		{E2614573-2510-6A21-F298-A1C61090BCFD}.Debug|x86.ActiveCfg = Debug|Any CPU
		{E2614573-2510-6A21-F298-A1C61090BCFD}.Debug|x86.Build.0 = Debug|Any CPU
		{E2614573-2510-6A21-F298-A1C61090BCFD}.Release|Any CPU.ActiveCfg = Release|Any CPU
		{E2614573-2510-6A21-F298-A1C61090BCFD}.Release|Any CPU.Build.0 = Release|Any CPU
		{E2614573-2510-6A21-F298-A1C61090BCFD}.Release|x64.ActiveCfg = Release|Any CPU
		{E2614573-2510-6A21-F298-A1C61090BCFD}.Release|x64.Build.0 = Release|Any CPU
		{E2614573-2510-6A21-F298-A1C61090BCFD}.Release|x86.ActiveCfg = Release|Any CPU
		{E2614573-2510-6A21-F298-A1C61090BCFD}.Release|x86.Build.0 = Release|Any CPU
		{00C4D1FC-D67E-DA5C-FD42-20F0B1A38212}.Debug|Any CPU.ActiveCfg = Debug|Any CPU
		{00C4D1FC-D67E-DA5C-FD42-20F0B1A38212}.Debug|Any CPU.Build.0 = Debug|Any CPU
		{00C4D1FC-D67E-DA5C-FD42-20F0B1A38212}.Debug|x64.ActiveCfg = Debug|Any CPU
		{00C4D1FC-D67E-DA5C-FD42-20F0B1A38212}.Debug|x64.Build.0 = Debug|Any CPU
		{00C4D1FC-D67E-DA5C-FD42-20F0B1A38212}.Debug|x86.ActiveCfg = Debug|Any CPU
		{00C4D1FC-D67E-DA5C-FD42-20F0B1A38212}.Debug|x86.Build.0 = Debug|Any CPU
		{00C4D1FC-D67E-DA5C-FD42-20F0B1A38212}.Release|Any CPU.ActiveCfg = Release|Any CPU
		{00C4D1FC-D67E-DA5C-FD42-20F0B1A38212}.Release|Any CPU.Build.0 = Release|Any CPU
		{00C4D1FC-D67E-DA5C-FD42-20F0B1A38212}.Release|x64.ActiveCfg = Release|Any CPU
		{00C4D1FC-D67E-DA5C-FD42-20F0B1A38212}.Release|x64.Build.0 = Release|Any CPU
		{00C4D1FC-D67E-DA5C-FD42-20F0B1A38212}.Release|x86.ActiveCfg = Release|Any CPU
		{00C4D1FC-D67E-DA5C-FD42-20F0B1A38212}.Release|x86.Build.0 = Release|Any CPU
		{CA1E3DB8-1DE2-D4CA-4E19-E74D4B952F2E}.Debug|Any CPU.ActiveCfg = Debug|Any CPU
		{CA1E3DB8-1DE2-D4CA-4E19-E74D4B952F2E}.Debug|Any CPU.Build.0 = Debug|Any CPU
		{CA1E3DB8-1DE2-D4CA-4E19-E74D4B952F2E}.Debug|x64.ActiveCfg = Debug|Any CPU
		{CA1E3DB8-1DE2-D4CA-4E19-E74D4B952F2E}.Debug|x64.Build.0 = Debug|Any CPU
		{CA1E3DB8-1DE2-D4CA-4E19-E74D4B952F2E}.Debug|x86.ActiveCfg = Debug|Any CPU
		{CA1E3DB8-1DE2-D4CA-4E19-E74D4B952F2E}.Debug|x86.Build.0 = Debug|Any CPU
		{CA1E3DB8-1DE2-D4CA-4E19-E74D4B952F2E}.Release|Any CPU.ActiveCfg = Release|Any CPU
		{CA1E3DB8-1DE2-D4CA-4E19-E74D4B952F2E}.Release|Any CPU.Build.0 = Release|Any CPU
		{CA1E3DB8-1DE2-D4CA-4E19-E74D4B952F2E}.Release|x64.ActiveCfg = Release|Any CPU
		{CA1E3DB8-1DE2-D4CA-4E19-E74D4B952F2E}.Release|x64.Build.0 = Release|Any CPU
		{CA1E3DB8-1DE2-D4CA-4E19-E74D4B952F2E}.Release|x86.ActiveCfg = Release|Any CPU
		{CA1E3DB8-1DE2-D4CA-4E19-E74D4B952F2E}.Release|x86.Build.0 = Release|Any CPU
		{36BD1833-7ADA-3BCB-5E07-307070A83000}.Debug|Any CPU.ActiveCfg = Debug|Any CPU
		{36BD1833-7ADA-3BCB-5E07-307070A83000}.Debug|Any CPU.Build.0 = Debug|Any CPU
		{36BD1833-7ADA-3BCB-5E07-307070A83000}.Debug|x64.ActiveCfg = Debug|Any CPU
		{36BD1833-7ADA-3BCB-5E07-307070A83000}.Debug|x64.Build.0 = Debug|Any CPU
		{36BD1833-7ADA-3BCB-5E07-307070A83000}.Debug|x86.ActiveCfg = Debug|Any CPU
		{36BD1833-7ADA-3BCB-5E07-307070A83000}.Debug|x86.Build.0 = Debug|Any CPU
		{36BD1833-7ADA-3BCB-5E07-307070A83000}.Release|Any CPU.ActiveCfg = Release|Any CPU
		{36BD1833-7ADA-3BCB-5E07-307070A83000}.Release|Any CPU.Build.0 = Release|Any CPU
		{36BD1833-7ADA-3BCB-5E07-307070A83000}.Release|x64.ActiveCfg = Release|Any CPU
		{36BD1833-7ADA-3BCB-5E07-307070A83000}.Release|x64.Build.0 = Release|Any CPU
		{36BD1833-7ADA-3BCB-5E07-307070A83000}.Release|x86.ActiveCfg = Release|Any CPU
		{36BD1833-7ADA-3BCB-5E07-307070A83000}.Release|x86.Build.0 = Release|Any CPU
		{902B971A-92C7-47A4-92B7-9260C3A117D9}.Debug|Any CPU.ActiveCfg = Debug|Any CPU
		{902B971A-92C7-47A4-92B7-9260C3A117D9}.Debug|Any CPU.Build.0 = Debug|Any CPU
		{902B971A-92C7-47A4-92B7-9260C3A117D9}.Debug|x64.ActiveCfg = Debug|Any CPU
		{902B971A-92C7-47A4-92B7-9260C3A117D9}.Debug|x64.Build.0 = Debug|Any CPU
		{902B971A-92C7-47A4-92B7-9260C3A117D9}.Debug|x86.ActiveCfg = Debug|Any CPU
		{902B971A-92C7-47A4-92B7-9260C3A117D9}.Debug|x86.Build.0 = Debug|Any CPU
		{902B971A-92C7-47A4-92B7-9260C3A117D9}.Release|Any CPU.ActiveCfg = Release|Any CPU
		{902B971A-92C7-47A4-92B7-9260C3A117D9}.Release|Any CPU.Build.0 = Release|Any CPU
		{902B971A-92C7-47A4-92B7-9260C3A117D9}.Release|x64.ActiveCfg = Release|Any CPU
		{902B971A-92C7-47A4-92B7-9260C3A117D9}.Release|x64.Build.0 = Release|Any CPU
		{902B971A-92C7-47A4-92B7-9260C3A117D9}.Release|x86.ActiveCfg = Release|Any CPU
		{902B971A-92C7-47A4-92B7-9260C3A117D9}.Release|x86.Build.0 = Release|Any CPU
		{14D66EC0-B8DC-844F-D37F-F611DFE54A9F}.Debug|Any CPU.ActiveCfg = Debug|Any CPU
		{14D66EC0-B8DC-844F-D37F-F611DFE54A9F}.Debug|Any CPU.Build.0 = Debug|Any CPU
		{14D66EC0-B8DC-844F-D37F-F611DFE54A9F}.Debug|x64.ActiveCfg = Debug|Any CPU
		{14D66EC0-B8DC-844F-D37F-F611DFE54A9F}.Debug|x64.Build.0 = Debug|Any CPU
		{14D66EC0-B8DC-844F-D37F-F611DFE54A9F}.Debug|x86.ActiveCfg = Debug|Any CPU
		{14D66EC0-B8DC-844F-D37F-F611DFE54A9F}.Debug|x86.Build.0 = Debug|Any CPU
		{14D66EC0-B8DC-844F-D37F-F611DFE54A9F}.Release|Any CPU.ActiveCfg = Release|Any CPU
		{14D66EC0-B8DC-844F-D37F-F611DFE54A9F}.Release|Any CPU.Build.0 = Release|Any CPU
		{14D66EC0-B8DC-844F-D37F-F611DFE54A9F}.Release|x64.ActiveCfg = Release|Any CPU
		{14D66EC0-B8DC-844F-D37F-F611DFE54A9F}.Release|x64.Build.0 = Release|Any CPU
		{14D66EC0-B8DC-844F-D37F-F611DFE54A9F}.Release|x86.ActiveCfg = Release|Any CPU
		{14D66EC0-B8DC-844F-D37F-F611DFE54A9F}.Release|x86.Build.0 = Release|Any CPU
		{E5241138-28D3-B869-859C-C2A3D83F0E7D}.Debug|Any CPU.ActiveCfg = Debug|Any CPU
		{E5241138-28D3-B869-859C-C2A3D83F0E7D}.Debug|Any CPU.Build.0 = Debug|Any CPU
		{E5241138-28D3-B869-859C-C2A3D83F0E7D}.Debug|x64.ActiveCfg = Debug|Any CPU
		{E5241138-28D3-B869-859C-C2A3D83F0E7D}.Debug|x64.Build.0 = Debug|Any CPU
		{E5241138-28D3-B869-859C-C2A3D83F0E7D}.Debug|x86.ActiveCfg = Debug|Any CPU
		{E5241138-28D3-B869-859C-C2A3D83F0E7D}.Debug|x86.Build.0 = Debug|Any CPU
		{E5241138-28D3-B869-859C-C2A3D83F0E7D}.Release|Any CPU.ActiveCfg = Release|Any CPU
		{E5241138-28D3-B869-859C-C2A3D83F0E7D}.Release|Any CPU.Build.0 = Release|Any CPU
		{E5241138-28D3-B869-859C-C2A3D83F0E7D}.Release|x64.ActiveCfg = Release|Any CPU
		{E5241138-28D3-B869-859C-C2A3D83F0E7D}.Release|x64.Build.0 = Release|Any CPU
		{E5241138-28D3-B869-859C-C2A3D83F0E7D}.Release|x86.ActiveCfg = Release|Any CPU
		{E5241138-28D3-B869-859C-C2A3D83F0E7D}.Release|x86.Build.0 = Release|Any CPU
		{5C34132F-4C71-42EC-8BD0-4E4052B03709}.Debug|Any CPU.ActiveCfg = Debug|Any CPU
		{5C34132F-4C71-42EC-8BD0-4E4052B03709}.Debug|Any CPU.Build.0 = Debug|Any CPU
		{5C34132F-4C71-42EC-8BD0-4E4052B03709}.Debug|x64.ActiveCfg = Debug|Any CPU
		{5C34132F-4C71-42EC-8BD0-4E4052B03709}.Debug|x64.Build.0 = Debug|Any CPU
		{5C34132F-4C71-42EC-8BD0-4E4052B03709}.Debug|x86.ActiveCfg = Debug|Any CPU
		{5C34132F-4C71-42EC-8BD0-4E4052B03709}.Debug|x86.Build.0 = Debug|Any CPU
		{5C34132F-4C71-42EC-8BD0-4E4052B03709}.Release|Any CPU.ActiveCfg = Release|Any CPU
		{5C34132F-4C71-42EC-8BD0-4E4052B03709}.Release|Any CPU.Build.0 = Release|Any CPU
		{5C34132F-4C71-42EC-8BD0-4E4052B03709}.Release|x64.ActiveCfg = Release|Any CPU
		{5C34132F-4C71-42EC-8BD0-4E4052B03709}.Release|x64.Build.0 = Release|Any CPU
		{5C34132F-4C71-42EC-8BD0-4E4052B03709}.Release|x86.ActiveCfg = Release|Any CPU
		{5C34132F-4C71-42EC-8BD0-4E4052B03709}.Release|x86.Build.0 = Release|Any CPU
		{1252AD6D-C6EA-4735-AE82-95FDA2C6C903}.Debug|Any CPU.ActiveCfg = Debug|Any CPU
		{1252AD6D-C6EA-4735-AE82-95FDA2C6C903}.Debug|Any CPU.Build.0 = Debug|Any CPU
		{1252AD6D-C6EA-4735-AE82-95FDA2C6C903}.Debug|x64.ActiveCfg = Debug|Any CPU
		{1252AD6D-C6EA-4735-AE82-95FDA2C6C903}.Debug|x64.Build.0 = Debug|Any CPU
		{1252AD6D-C6EA-4735-AE82-95FDA2C6C903}.Debug|x86.ActiveCfg = Debug|Any CPU
		{1252AD6D-C6EA-4735-AE82-95FDA2C6C903}.Debug|x86.Build.0 = Debug|Any CPU
		{1252AD6D-C6EA-4735-AE82-95FDA2C6C903}.Release|Any CPU.ActiveCfg = Release|Any CPU
		{1252AD6D-C6EA-4735-AE82-95FDA2C6C903}.Release|Any CPU.Build.0 = Release|Any CPU
		{1252AD6D-C6EA-4735-AE82-95FDA2C6C903}.Release|x64.ActiveCfg = Release|Any CPU
		{1252AD6D-C6EA-4735-AE82-95FDA2C6C903}.Release|x64.Build.0 = Release|Any CPU
		{1252AD6D-C6EA-4735-AE82-95FDA2C6C903}.Release|x86.ActiveCfg = Release|Any CPU
		{1252AD6D-C6EA-4735-AE82-95FDA2C6C903}.Release|x86.Build.0 = Release|Any CPU
		{AD719A21-8470-4ADC-A9DF-00B223CF5FE5}.Debug|Any CPU.ActiveCfg = Debug|Any CPU
		{AD719A21-8470-4ADC-A9DF-00B223CF5FE5}.Debug|Any CPU.Build.0 = Debug|Any CPU
		{AD719A21-8470-4ADC-A9DF-00B223CF5FE5}.Debug|x64.ActiveCfg = Debug|Any CPU
		{AD719A21-8470-4ADC-A9DF-00B223CF5FE5}.Debug|x64.Build.0 = Debug|Any CPU
		{AD719A21-8470-4ADC-A9DF-00B223CF5FE5}.Debug|x86.ActiveCfg = Debug|Any CPU
		{AD719A21-8470-4ADC-A9DF-00B223CF5FE5}.Debug|x86.Build.0 = Debug|Any CPU
		{AD719A21-8470-4ADC-A9DF-00B223CF5FE5}.Release|Any CPU.ActiveCfg = Release|Any CPU
		{AD719A21-8470-4ADC-A9DF-00B223CF5FE5}.Release|Any CPU.Build.0 = Release|Any CPU
		{AD719A21-8470-4ADC-A9DF-00B223CF5FE5}.Release|x64.ActiveCfg = Release|Any CPU
		{AD719A21-8470-4ADC-A9DF-00B223CF5FE5}.Release|x64.Build.0 = Release|Any CPU
		{AD719A21-8470-4ADC-A9DF-00B223CF5FE5}.Release|x86.ActiveCfg = Release|Any CPU
		{AD719A21-8470-4ADC-A9DF-00B223CF5FE5}.Release|x86.Build.0 = Release|Any CPU
		{CF5C2228-27CD-4CBF-9059-931A09B46BF6}.Debug|Any CPU.ActiveCfg = Debug|Any CPU
		{CF5C2228-27CD-4CBF-9059-931A09B46BF6}.Debug|Any CPU.Build.0 = Debug|Any CPU
		{CF5C2228-27CD-4CBF-9059-931A09B46BF6}.Debug|x64.ActiveCfg = Debug|Any CPU
		{CF5C2228-27CD-4CBF-9059-931A09B46BF6}.Debug|x64.Build.0 = Debug|Any CPU
		{CF5C2228-27CD-4CBF-9059-931A09B46BF6}.Debug|x86.ActiveCfg = Debug|Any CPU
		{CF5C2228-27CD-4CBF-9059-931A09B46BF6}.Debug|x86.Build.0 = Debug|Any CPU
		{CF5C2228-27CD-4CBF-9059-931A09B46BF6}.Release|Any CPU.ActiveCfg = Release|Any CPU
		{CF5C2228-27CD-4CBF-9059-931A09B46BF6}.Release|Any CPU.Build.0 = Release|Any CPU
		{CF5C2228-27CD-4CBF-9059-931A09B46BF6}.Release|x64.ActiveCfg = Release|Any CPU
		{CF5C2228-27CD-4CBF-9059-931A09B46BF6}.Release|x64.Build.0 = Release|Any CPU
		{CF5C2228-27CD-4CBF-9059-931A09B46BF6}.Release|x86.ActiveCfg = Release|Any CPU
		{CF5C2228-27CD-4CBF-9059-931A09B46BF6}.Release|x86.Build.0 = Release|Any CPU
	EndGlobalSection
	GlobalSection(SolutionProperties) = preSolution
		HideSolutionNode = FALSE
	EndGlobalSection
	GlobalSection(NestedProjects) = preSolution
		{FF6CC6BE-8BD4-4353-BA24-F0B562F73534} = {02EA681E-C7D8-13C7-8484-4AC65E1B71E8}
		{EB1D1EAE-E264-4FF5-ACB9-8614FD694C69} = {0AB3BF05-4346-4AA6-1389-037BE0695223}
		{5F164DC3-0185-4D92-B689-7A004F81C232} = {0AB3BF05-4346-4AA6-1389-037BE0695223}
		{CE3DBC01-F8D5-468B-A12C-C0AAC6B846CC} = {0AB3BF05-4346-4AA6-1389-037BE0695223}
		{F92FE21A-E978-463D-9F1E-A4A8302138E6} = {02EA681E-C7D8-13C7-8484-4AC65E1B71E8}
		{CA1E3DB8-1DE2-D4CA-4E19-E74D4B952F2E} = {89C1CD2F-5D9F-44E8-B728-023D8AB2F5E1}
		{36BD1833-7ADA-3BCB-5E07-307070A83000} = {89C1CD2F-5D9F-44E8-B728-023D8AB2F5E1}
		{902B971A-92C7-47A4-92B7-9260C3A117D9} = {0AB3BF05-4346-4AA6-1389-037BE0695223}
		{14D66EC0-B8DC-844F-D37F-F611DFE54A9F} = {0AB3BF05-4346-4AA6-1389-037BE0695223}
		{E5241138-28D3-B869-859C-C2A3D83F0E7D} = {0AB3BF05-4346-4AA6-1389-037BE0695223}
		{02EA681E-C7D8-13C7-8484-4AC65E1B71E8} = {0AB3BF05-4346-4AA6-1389-037BE0695223}
		{5C34132F-4C71-42EC-8BD0-4E4052B03709} = {89C1CD2F-5D9F-44E8-B728-023D8AB2F5E1}
		{1252AD6D-C6EA-4735-AE82-95FDA2C6C903} = {89C1CD2F-5D9F-44E8-B728-023D8AB2F5E1}
		{AD719A21-8470-4ADC-A9DF-00B223CF5FE5} = {89C1CD2F-5D9F-44E8-B728-023D8AB2F5E1}
		{CF5C2228-27CD-4CBF-9059-931A09B46BF6} = {0AB3BF05-4346-4AA6-1389-037BE0695223}
	EndGlobalSection
	GlobalSection(ExtensibilityGlobals) = postSolution
		SolutionGuid = {0D7E6B09-2E5D-4BA4-899B-FBCC5A7F92CD}
	EndGlobalSection
EndGlobal
